
Microsoft Visual Studio Solution File, Format Version 12.00
# Visual Studio Version 16
VisualStudioVersion = 16.0.29519.87
MinimumVisualStudioVersion = 10.0.40219.1
Project("{8BC9CEB8-8B4A-11D0-8D11-00A0C91BC942}") = "Advent-2019-1", "Advent-2019-1\Advent-2019-1.vcxproj", "{23885659-DC55-410B-B9FB-B38D7DF8C231}"
EndProject
Project("{8BC9CEB8-8B4A-11D0-8D11-00A0C91BC942}") = "Advent-2019-2", "Advent-2019-2\Advent-2019-2.vcxproj", "{C14A5887-2F88-4322-A876-BD7E24F00DF5}"
EndProject
Project("{8BC9CEB8-8B4A-11D0-8D11-00A0C91BC942}") = "Advent-2019-3", "Advent-2019-3\Advent-2019-3.vcxproj", "{469622AA-564E-4F4D-B8B3-A8C867172E4B}"
EndProject
Project("{8BC9CEB8-8B4A-11D0-8D11-00A0C91BC942}") = "Advent-2019-4", "Advent-2019-4\Advent-2019-4.vcxproj", "{15C27A3D-CD9F-4727-B146-4A12DC745ECD}"
EndProject
Project("{8BC9CEB8-8B4A-11D0-8D11-00A0C91BC942}") = "Advent-2019-5", "Advent-2019-5\Advent-2019-5.vcxproj", "{55BBADB4-6D17-4931-9F17-012121D44E04}"
EndProject
Project("{8BC9CEB8-8B4A-11D0-8D11-00A0C91BC942}") = "Advent-2019-6", "Advent-2019-6\Advent-2019-6.vcxproj", "{3331783D-B3E2-4C78-BE72-9A7C0D213DF6}"
EndProject
Project("{8BC9CEB8-8B4A-11D0-8D11-00A0C91BC942}") = "Advent-2019-7", "Advent-2019-7\Advent-2019-7.vcxproj", "{BB158C12-BD4E-4FDC-BBC6-9A7B1B1EF62E}"
EndProject
Project("{8BC9CEB8-8B4A-11D0-8D11-00A0C91BC942}") = "Advent-2019-8", "Advent-2919-8\Advent-2919-8.vcxproj", "{83EA57BD-CED6-431D-AC65-762FC6DEA486}"
EndProject
Project("{8BC9CEB8-8B4A-11D0-8D11-00A0C91BC942}") = "Advent-2019-9", "Advent-2019-9\Advent-2019-9.vcxproj", "{AF5B0854-F8D8-4F94-B898-6C3496C29426}"
EndProject
Global
	GlobalSection(SolutionConfigurationPlatforms) = preSolution
		Debug|x64 = Debug|x64
		Debug|x86 = Debug|x86
		Release|x64 = Release|x64
		Release|x86 = Release|x86
	EndGlobalSection
	GlobalSection(ProjectConfigurationPlatforms) = postSolution
		{23885659-DC55-410B-B9FB-B38D7DF8C231}.Debug|x64.ActiveCfg = Debug|x64
		{23885659-DC55-410B-B9FB-B38D7DF8C231}.Debug|x64.Build.0 = Debug|x64
		{23885659-DC55-410B-B9FB-B38D7DF8C231}.Debug|x86.ActiveCfg = Debug|Win32
		{23885659-DC55-410B-B9FB-B38D7DF8C231}.Debug|x86.Build.0 = Debug|Win32
		{23885659-DC55-410B-B9FB-B38D7DF8C231}.Release|x64.ActiveCfg = Release|x64
		{23885659-DC55-410B-B9FB-B38D7DF8C231}.Release|x64.Build.0 = Release|x64
		{23885659-DC55-410B-B9FB-B38D7DF8C231}.Release|x86.ActiveCfg = Release|Win32
		{23885659-DC55-410B-B9FB-B38D7DF8C231}.Release|x86.Build.0 = Release|Win32
		{C14A5887-2F88-4322-A876-BD7E24F00DF5}.Debug|x64.ActiveCfg = Debug|x64
		{C14A5887-2F88-4322-A876-BD7E24F00DF5}.Debug|x64.Build.0 = Debug|x64
		{C14A5887-2F88-4322-A876-BD7E24F00DF5}.Debug|x86.ActiveCfg = Debug|Win32
		{C14A5887-2F88-4322-A876-BD7E24F00DF5}.Debug|x86.Build.0 = Debug|Win32
		{C14A5887-2F88-4322-A876-BD7E24F00DF5}.Release|x64.ActiveCfg = Release|x64
		{C14A5887-2F88-4322-A876-BD7E24F00DF5}.Release|x64.Build.0 = Release|x64
		{C14A5887-2F88-4322-A876-BD7E24F00DF5}.Release|x86.ActiveCfg = Release|Win32
		{C14A5887-2F88-4322-A876-BD7E24F00DF5}.Release|x86.Build.0 = Release|Win32
		{469622AA-564E-4F4D-B8B3-A8C867172E4B}.Debug|x64.ActiveCfg = Debug|x64
		{469622AA-564E-4F4D-B8B3-A8C867172E4B}.Debug|x64.Build.0 = Debug|x64
		{469622AA-564E-4F4D-B8B3-A8C867172E4B}.Debug|x86.ActiveCfg = Debug|Win32
		{469622AA-564E-4F4D-B8B3-A8C867172E4B}.Debug|x86.Build.0 = Debug|Win32
		{469622AA-564E-4F4D-B8B3-A8C867172E4B}.Release|x64.ActiveCfg = Release|x64
		{469622AA-564E-4F4D-B8B3-A8C867172E4B}.Release|x64.Build.0 = Release|x64
		{469622AA-564E-4F4D-B8B3-A8C867172E4B}.Release|x86.ActiveCfg = Release|Win32
		{469622AA-564E-4F4D-B8B3-A8C867172E4B}.Release|x86.Build.0 = Release|Win32
		{15C27A3D-CD9F-4727-B146-4A12DC745ECD}.Debug|x64.ActiveCfg = Debug|x64
		{15C27A3D-CD9F-4727-B146-4A12DC745ECD}.Debug|x64.Build.0 = Debug|x64
		{15C27A3D-CD9F-4727-B146-4A12DC745ECD}.Debug|x86.ActiveCfg = Debug|Win32
		{15C27A3D-CD9F-4727-B146-4A12DC745ECD}.Debug|x86.Build.0 = Debug|Win32
		{15C27A3D-CD9F-4727-B146-4A12DC745ECD}.Release|x64.ActiveCfg = Release|x64
		{15C27A3D-CD9F-4727-B146-4A12DC745ECD}.Release|x64.Build.0 = Release|x64
		{15C27A3D-CD9F-4727-B146-4A12DC745ECD}.Release|x86.ActiveCfg = Release|Win32
		{15C27A3D-CD9F-4727-B146-4A12DC745ECD}.Release|x86.Build.0 = Release|Win32
		{55BBADB4-6D17-4931-9F17-012121D44E04}.Debug|x64.ActiveCfg = Debug|x64
		{55BBADB4-6D17-4931-9F17-012121D44E04}.Debug|x64.Build.0 = Debug|x64
		{55BBADB4-6D17-4931-9F17-012121D44E04}.Debug|x86.ActiveCfg = Debug|Win32
		{55BBADB4-6D17-4931-9F17-012121D44E04}.Debug|x86.Build.0 = Debug|Win32
		{55BBADB4-6D17-4931-9F17-012121D44E04}.Release|x64.ActiveCfg = Release|x64
		{55BBADB4-6D17-4931-9F17-012121D44E04}.Release|x64.Build.0 = Release|x64
		{55BBADB4-6D17-4931-9F17-012121D44E04}.Release|x86.ActiveCfg = Release|Win32
		{55BBADB4-6D17-4931-9F17-012121D44E04}.Release|x86.Build.0 = Release|Win32
		{3331783D-B3E2-4C78-BE72-9A7C0D213DF6}.Debug|x64.ActiveCfg = Debug|x64
		{3331783D-B3E2-4C78-BE72-9A7C0D213DF6}.Debug|x64.Build.0 = Debug|x64
		{3331783D-B3E2-4C78-BE72-9A7C0D213DF6}.Debug|x86.ActiveCfg = Debug|Win32
		{3331783D-B3E2-4C78-BE72-9A7C0D213DF6}.Debug|x86.Build.0 = Debug|Win32
		{3331783D-B3E2-4C78-BE72-9A7C0D213DF6}.Release|x64.ActiveCfg = Release|x64
		{3331783D-B3E2-4C78-BE72-9A7C0D213DF6}.Release|x64.Build.0 = Release|x64
		{3331783D-B3E2-4C78-BE72-9A7C0D213DF6}.Release|x86.ActiveCfg = Release|Win32
		{3331783D-B3E2-4C78-BE72-9A7C0D213DF6}.Release|x86.Build.0 = Release|Win32
		{BB158C12-BD4E-4FDC-BBC6-9A7B1B1EF62E}.Debug|x64.ActiveCfg = Debug|x64
		{BB158C12-BD4E-4FDC-BBC6-9A7B1B1EF62E}.Debug|x64.Build.0 = Debug|x64
		{BB158C12-BD4E-4FDC-BBC6-9A7B1B1EF62E}.Debug|x86.ActiveCfg = Debug|Win32
		{BB158C12-BD4E-4FDC-BBC6-9A7B1B1EF62E}.Debug|x86.Build.0 = Debug|Win32
		{BB158C12-BD4E-4FDC-BBC6-9A7B1B1EF62E}.Release|x64.ActiveCfg = Release|x64
		{BB158C12-BD4E-4FDC-BBC6-9A7B1B1EF62E}.Release|x64.Build.0 = Release|x64
		{BB158C12-BD4E-4FDC-BBC6-9A7B1B1EF62E}.Release|x86.ActiveCfg = Release|Win32
		{BB158C12-BD4E-4FDC-BBC6-9A7B1B1EF62E}.Release|x86.Build.0 = Release|Win32
		{83EA57BD-CED6-431D-AC65-762FC6DEA486}.Debug|x64.ActiveCfg = Debug|x64
		{83EA57BD-CED6-431D-AC65-762FC6DEA486}.Debug|x64.Build.0 = Debug|x64
		{83EA57BD-CED6-431D-AC65-762FC6DEA486}.Debug|x86.ActiveCfg = Debug|Win32
		{83EA57BD-CED6-431D-AC65-762FC6DEA486}.Debug|x86.Build.0 = Debug|Win32
		{83EA57BD-CED6-431D-AC65-762FC6DEA486}.Release|x64.ActiveCfg = Release|x64
		{83EA57BD-CED6-431D-AC65-762FC6DEA486}.Release|x64.Build.0 = Release|x64
		{83EA57BD-CED6-431D-AC65-762FC6DEA486}.Release|x86.ActiveCfg = Release|Win32
		{83EA57BD-CED6-431D-AC65-762FC6DEA486}.Release|x86.Build.0 = Release|Win32
		{AF5B0854-F8D8-4F94-B898-6C3496C29426}.Debug|x64.ActiveCfg = Debug|x64
		{AF5B0854-F8D8-4F94-B898-6C3496C29426}.Debug|x64.Build.0 = Debug|x64
		{AF5B0854-F8D8-4F94-B898-6C3496C29426}.Debug|x86.ActiveCfg = Debug|Win32
		{AF5B0854-F8D8-4F94-B898-6C3496C29426}.Debug|x86.Build.0 = Debug|Win32
		{AF5B0854-F8D8-4F94-B898-6C3496C29426}.Release|x64.ActiveCfg = Release|x64
		{AF5B0854-F8D8-4F94-B898-6C3496C29426}.Release|x64.Build.0 = Release|x64
		{AF5B0854-F8D8-4F94-B898-6C3496C29426}.Release|x86.ActiveCfg = Release|Win32
		{AF5B0854-F8D8-4F94-B898-6C3496C29426}.Release|x86.Build.0 = Release|Win32
	EndGlobalSection
	GlobalSection(SolutionProperties) = preSolution
		HideSolutionNode = FALSE
	EndGlobalSection
	GlobalSection(ExtensibilityGlobals) = postSolution
		SolutionGuid = {8AD942B5-CAE7-42B7-89CF-BB098196242B}
	EndGlobalSection
EndGlobal
